Microsoft Visual Studio Solution File, Format Version 12.00
# Visual Studio Version 17
VisualStudioVersion = 17.5.2.0
MinimumVisualStudioVersion = 10.0.40219.1
Project("{FAE04EC0-301F-11D3-BF4B-00C04F79EFBC}") = "Luftborn", "Luftborn.csproj", "{955AEE44-627C-9A33-9B88-76D5EA0F26ED}"
EndProject
Global
	GlobalSection(SolutionConfigurationPlatforms) = preSolution
		Debug|Any CPU = Debug|Any CPU
		Release|Any CPU = Release|Any CPU
	EndGlobalSection
	GlobalSection(ProjectConfigurationPlatforms) = postSolution
		{955AEE44-627C-9A33-9B88-76D5EA0F26ED}.Debug|Any CPU.ActiveCfg = Debug|Any CPU
		{955AEE44-627C-9A33-9B88-76D5EA0F26ED}.Debug|Any CPU.Build.0 = Debug|Any CPU
		{955AEE44-627C-9A33-9B88-76D5EA0F26ED}.Release|Any CPU.ActiveCfg = Release|Any CPU
		{955AEE44-627C-9A33-9B88-76D5EA0F26ED}.Release|Any CPU.Build.0 = Release|Any CPU
	EndGlobalSection
	GlobalSection(SolutionProperties) = preSolution
		HideSolutionNode = FALSE
	EndGlobalSection
	GlobalSection(ExtensibilityGlobals) = postSolution
		SolutionGuid = {CDF6F56D-2629-455C-A575-F71D4254465A}
	EndGlobalSection
EndGlobal
